
Microsoft Visual Studio Solution File, Format Version 12.00
# Visual Studio Version 16
VisualStudioVersion = 16.0.30621.155
MinimumVisualStudioVersion = 10.0.40219.1
Project("{FAE04EC0-301F-11D3-BF4B-00C04F79EFBC}") = "WcfClientWfTempConversion", "WcfClientWfTempConversion.csproj", "{DAD39B1E-4ACA-431B-9EC6-AA9C97185EF8}"
EndProject
Global
	GlobalSection(SolutionConfigurationPlatforms) = preSolution
		Debug|Any CPU = Debug|Any CPU
		Release|Any CPU = Release|Any CPU
	EndGlobalSection
	GlobalSection(ProjectConfigurationPlatforms) = postSolution
		{DAD39B1E-4ACA-431B-9EC6-AA9C97185EF8}.Debug|Any CPU.ActiveCfg = Debug|Any CPU
		{DAD39B1E-4ACA-431B-9EC6-AA9C97185EF8}.Debug|Any CPU.Build.0 = Debug|Any CPU
		{DAD39B1E-4ACA-431B-9EC6-AA9C97185EF8}.Release|Any CPU.ActiveCfg = Release|Any CPU
		{DAD39B1E-4ACA-431B-9EC6-AA9C97185EF8}.Release|Any CPU.Build.0 = Release|Any CPU
	EndGlobalSection
	GlobalSection(SolutionProperties) = preSolution
		HideSolutionNode = FALSE
	EndGlobalSection
	GlobalSection(ExtensibilityGlobals) = postSolution
		SolutionGuid = {DDA7855D-287E-48DC-9D57-A1B707B437E1}
	EndGlobalSection
EndGlobal
